{
    "_readme": [
        "This file locks the dependencies of your project to a known state",
        "Read more about it at https://getcomposer.org/doc/01-basic-usage.md#installing-dependencies",
        "This file is @generated automatically"
    ],
    "content-hash": "4c973d695b621950aaf1be57c9e28fb0",
    "packages": [
        {
            "name": "composer/installers",
            "version": "v1.6.0",
            "source": {
                "type": "git",
                "url": "https://github.com/composer/installers.git",
                "reference": "cfcca6b1b60bc4974324efb5783c13dca6932b5b"
            },
            "dist": {
                "type": "zip",
                "url": "https://api.github.com/repos/composer/installers/zipball/cfcca6b1b60bc4974324efb5783c13dca6932b5b",
                "reference": "cfcca6b1b60bc4974324efb5783c13dca6932b5b",
                "shasum": ""
            },
            "require": {
                "composer-plugin-api": "^1.0"
            },
            "replace": {
                "roundcube/plugin-installer": "*",
                "shama/baton": "*"
            },
            "require-dev": {
                "composer/composer": "1.0.*@dev",
                "phpunit/phpunit": "^4.8.36"
            },
            "type": "composer-plugin",
            "extra": {
                "class": "Composer\\Installers\\Plugin",
                "branch-alias": {
                    "dev-master": "1.0-dev"
                }
            },
            "autoload": {
                "psr-4": {
                    "Composer\\Installers\\": "src/Composer/Installers"
                }
            },
            "notification-url": "https://packagist.org/downloads/",
            "license": [
                "MIT"
            ],
            "authors": [
                {
                    "name": "Kyle Robinson Young",
                    "email": "kyle@dontkry.com",
                    "homepage": "https://github.com/shama"
                }
            ],
            "description": "A multi-framework Composer library installer",
            "homepage": "https://composer.github.io/installers/",
            "keywords": [
                "Craft",
                "Dolibarr",
                "Eliasis",
                "Hurad",
                "ImageCMS",
                "Kanboard",
                "Lan Management System",
                "MODX Evo",
                "Mautic",
                "Maya",
                "OXID",
                "Plentymarkets",
                "Porto",
                "RadPHP",
                "SMF",
                "Thelia",
                "WolfCMS",
                "agl",
                "aimeos",
                "annotatecms",
                "attogram",
                "bitrix",
                "cakephp",
                "chef",
                "cockpit",
                "codeigniter",
                "concrete5",
                "croogo",
                "dokuwiki",
                "drupal",
                "eZ Platform",
                "elgg",
                "expressionengine",
                "fuelphp",
                "grav",
                "installer",
                "itop",
                "joomla",
                "kohana",
                "laravel",
                "lavalite",
                "lithium",
                "magento",
                "majima",
                "mako",
                "mediawiki",
                "modulework",
                "modx",
                "moodle",
                "osclass",
                "phpbb",
                "piwik",
                "ppi",
                "puppet",
                "pxcms",
                "reindex",
                "roundcube",
                "shopware",
                "silverstripe",
                "sydes",
                "symfony",
                "typo3",
                "wordpress",
                "yawik",
                "zend",
                "zikula"
            ],
            "time": "2018-08-27T06:10:37+00:00"
        },
        {
            "name": "rainlab/blog-plugin",
            "version": "dev-master",
            "source": {
                "type": "git",
                "url": "https://github.com/rainlab/blog-plugin.git",
                "reference": "1c5554dc2d7c66ece549c8ba5e119483fc45c937"
            },
            "dist": {
                "type": "zip",
                "url": "https://api.github.com/repos/rainlab/blog-plugin/zipball/1c5554dc2d7c66ece549c8ba5e119483fc45c937",
                "reference": "1c5554dc2d7c66ece549c8ba5e119483fc45c937",
                "shasum": ""
            },
            "require": {
                "composer/installers": "~1.0",
                "php": ">=7.0"
            },
            "type": "october-plugin",
            "notification-url": "https://packagist.org/downloads/",
            "license": [
                "MIT"
            ],
            "authors": [
                {
                    "name": "Alexey Bobkov",
                    "email": "aleksey.bobkov@gmail.com",
                    "role": "Co-founder"
                },
                {
                    "name": "Samuel Georges",
                    "email": "daftspunky@gmail.com",
                    "role": "Co-founder"
                }
            ],
            "description": "Blog plugin for October CMS",
            "homepage": "https://octobercms.com/plugin/rainlab-blog",
            "keywords": [
                "blog",
                "october",
                "octobercms"
            ],
            "time": "2019-05-07T03:39:57+00:00"
        },
        {
            "name": "rainlab/sitemap-plugin",
            "version": "v1.0.9",
            "source": {
                "type": "git",
                "url": "https://github.com/rainlab/sitemap-plugin.git",
                "reference": "ce52e1d3537334650634c7c467bd085c40291d99"
            },
            "dist": {
                "type": "zip",
                "url": "https://api.github.com/repos/rainlab/sitemap-plugin/zipball/ce52e1d3537334650634c7c467bd085c40291d99",
                "reference": "ce52e1d3537334650634c7c467bd085c40291d99",
                "shasum": ""
            },
            "require": {
                "composer/installers": "~1.0",
                "php": ">=5.5.9"
            },
            "type": "october-plugin",
            "notification-url": "https://packagist.org/downloads/",
            "license": [
                "MIT"
            ],
            "authors": [
                {
                    "name": "Alexey Bobkov",
                    "email": "aleksey.bobkov@gmail.com",
                    "role": "Co-founder"
                },
                {
                    "name": "Samuel Georges",
                    "email": "daftspunky@gmail.com",
                    "role": "Co-founder"
                }
            ],
            "description": "Sitemap plugin for October CMS",
            "homepage": "https://octobercms.com/plugin/rainlab-sitemap",
            "keywords": [
                "Sitemap",
                "october",
                "octobercms"
            ],
            "time": "2019-05-18T13:29:40+00:00"
        }
    ],
    "packages-dev": [],
    "aliases": [],
    "minimum-stability": "stable",
    "stability-flags": {
        "rainlab/blog-plugin": 20
    },
    "prefer-stable": false,
    "prefer-lowest": false,
    "platform": {
        "php": ">=7.0"
    },
    "platform-dev": []
}
